{"version":4,"terraform_version":"1.8.1","serial":17,"lineage":"29aad871-c140-3750-7dfc-c429ad2efc7f","outputs":{},"resources":[{"mode":"managed","type":"google_compute_disk","name":"us-c1a-disks","provider":"provider[\"registry.opentofu.org/hashicorp/google\"]","instances":[{"index_key":0,"schema_version":0,"attributes":{"access_mode":"","async_primary_disk":[],"creation_timestamp":"2024-08-18T09:43:24.040-07:00","description":"","disk_encryption_key":[],"disk_id":"1355142634014743108","effective_labels":{"environment":"dev"},"enable_confidential_compute":false,"guest_os_features":[],"id":"projects/finops-accelerator/zones/us-central1-a/disks/pd-us-c1a-0","image":"","label_fingerprint":"a6HI36FuYIQ=","labels":{"environment":"dev"},"last_attach_timestamp":"","last_detach_timestamp":"","licenses":[],"name":"pd-us-c1a-0","physical_block_size_bytes":4096,"project":"finops-accelerator","provisioned_iops":0,"provisioned_throughput":0,"self_link":"https://www.googleapis.com/compute/v1/projects/finops-accelerator/zones/us-central1-a/disks/pd-us-c1a-0","size":4,"snapshot":"","source_disk":"","source_disk_id":"","source_image_encryption_key":[],"source_image_id":"","source_snapshot_encryption_key":[],"source_snapshot_id":"","storage_pool":"","terraform_labels":{"environment":"dev"},"timeouts":null,"type":"pd-standard","users":[],"zone":"us-central1-a"},"sensitive_attributes":[],"private":"eyJlMmJmYjczMC1lY2FhLTExZTYtOGY4OC0zNDM2M2JjN2M0YzAiOnsiY3JlYXRlIjoxMjAwMDAwMDAwMDAwLCJkZWxldGUiOjEyMDAwMDAwMDAwMDAsInVwZGF0ZSI6MTIwMDAwMDAwMDAwMH19"},{"index_key":1,"schema_version":0,"attributes":{"access_mode":"","async_primary_disk":[],"creation_timestamp":"2024-08-18T09:43:27.514-07:00","description":"","disk_encryption_key":[],"disk_id":"8204014908622215744","effective_labels":{"environment":"dev"},"enable_confidential_compute":false,"guest_os_features":[],"id":"projects/finops-accelerator/zones/us-central1-a/disks/pd-us-c1a-1","image":"","label_fingerprint":"a6HI36FuYIQ=","labels":{"environment":"dev"},"last_attach_timestamp":"","last_detach_timestamp":"","licenses":[],"name":"pd-us-c1a-1","physical_block_size_bytes":4096,"project":"finops-accelerator","provisioned_iops":0,"provisioned_throughput":0,"self_link":"https://www.googleapis.com/compute/v1/projects/finops-accelerator/zones/us-central1-a/disks/pd-us-c1a-1","size":4,"snapshot":"","source_disk":"","source_disk_id":"","source_image_encryption_key":[],"source_image_id":"","source_snapshot_encryption_key":[],"source_snapshot_id":"","storage_pool":"","terraform_labels":{"environment":"dev"},"timeouts":null,"type":"pd-standard","users":[],"zone":"us-central1-a"},"sensitive_attributes":[],"private":"eyJlMmJmYjczMC1lY2FhLTExZTYtOGY4OC0zNDM2M2JjN2M0YzAiOnsiY3JlYXRlIjoxMjAwMDAwMDAwMDAwLCJkZWxldGUiOjEyMDAwMDAwMDAwMDAsInVwZGF0ZSI6MTIwMDAwMDAwMDAwMH19"},{"index_key":2,"schema_version":0,"attributes":{"access_mode":"","async_primary_disk":[],"creation_timestamp":"2024-08-18T09:43:24.151-07:00","description":"","disk_encryption_key":[],"disk_id":"3263858437165914692","effective_labels":{"environment":"dev"},"enable_confidential_compute":false,"guest_os_features":[],"id":"projects/finops-accelerator/zones/us-central1-a/disks/pd-us-c1a-2","image":"","label_fingerprint":"a6HI36FuYIQ=","labels":{"environment":"dev"},"last_attach_timestamp":"","last_detach_timestamp":"","licenses":[],"name":"pd-us-c1a-2","physical_block_size_bytes":4096,"project":"finops-accelerator","provisioned_iops":0,"provisioned_throughput":0,"self_link":"https://www.googleapis.com/compute/v1/projects/finops-accelerator/zones/us-central1-a/disks/pd-us-c1a-2","size":4,"snapshot":"","source_disk":"","source_disk_id":"","source_image_encryption_key":[],"source_image_id":"","source_snapshot_encryption_key":[],"source_snapshot_id":"","storage_pool":"","terraform_labels":{"environment":"dev"},"timeouts":null,"type":"pd-standard","users":[],"zone":"us-central1-a"},"sensitive_attributes":[],"private":"eyJlMmJmYjczMC1lY2FhLTExZTYtOGY4OC0zNDM2M2JjN2M0YzAiOnsiY3JlYXRlIjoxMjAwMDAwMDAwMDAwLCJkZWxldGUiOjEyMDAwMDAwMDAwMDAsInVwZGF0ZSI6MTIwMDAwMDAwMDAwMH19"},{"index_key":3,"schema_version":0,"attributes":{"access_mode":"","async_primary_disk":[],"creation_timestamp":"2024-08-18T09:43:24.190-07:00","description":"","disk_encryption_key":[],"disk_id":"13004090324785731","effective_labels":{"environment":"dev"},"enable_confidential_compute":false,"guest_os_features":[],"id":"projects/finops-accelerator/zones/us-central1-a/disks/pd-us-c1a-3","image":"","label_fingerprint":"a6HI36FuYIQ=","labels":{"environment":"dev"},"last_attach_timestamp":"","last_detach_timestamp":"","licenses":[],"name":"pd-us-c1a-3","physical_block_size_bytes":4096,"project":"finops-accelerator","provisioned_iops":0,"provisioned_throughput":0,"self_link":"https://www.googleapis.com/compute/v1/projects/finops-accelerator/zones/us-central1-a/disks/pd-us-c1a-3","size":4,"snapshot":"","source_disk":"","source_disk_id":"","source_image_encryption_key":[],"source_image_id":"","source_snapshot_encryption_key":[],"source_snapshot_id":"","storage_pool":"","terraform_labels":{"environment":"dev"},"timeouts":null,"type":"pd-standard","users":[],"zone":"us-central1-a"},"sensitive_attributes":[],"private":"eyJlMmJmYjczMC1lY2FhLTExZTYtOGY4OC0zNDM2M2JjN2M0YzAiOnsiY3JlYXRlIjoxMjAwMDAwMDAwMDAwLCJkZWxldGUiOjEyMDAwMDAwMDAwMDAsInVwZGF0ZSI6MTIwMDAwMDAwMDAwMH19"},{"index_key":4,"schema_version":0,"attributes":{"access_mode":"","async_primary_disk":[],"creation_timestamp":"2024-08-18T09:43:27.613-07:00","description":"","disk_encryption_key":[],"disk_id":"3004392406183287360","effective_labels":{"environment":"dev"},"enable_confidential_compute":false,"guest_os_features":[],"id":"projects/finops-accelerator/zones/us-central1-a/disks/pd-us-c1a-4","image":"","label_fingerprint":"a6HI36FuYIQ=","labels":{"environment":"dev"},"last_attach_timestamp":"","last_detach_timestamp":"","licenses":[],"name":"pd-us-c1a-4","physical_block_size_bytes":4096,"project":"finops-accelerator","provisioned_iops":0,"provisioned_throughput":0,"self_link":"https://www.googleapis.com/compute/v1/projects/finops-accelerator/zones/us-central1-a/disks/pd-us-c1a-4","size":4,"snapshot":"","source_disk":"","source_disk_id":"","source_image_encryption_key":[],"source_image_id":"","source_snapshot_encryption_key":[],"source_snapshot_id":"","storage_pool":"","terraform_labels":{"environment":"dev"},"timeouts":null,"type":"pd-standard","users":[],"zone":"us-central1-a"},"sensitive_attributes":[],"private":"eyJlMmJmYjczMC1lY2FhLTExZTYtOGY4OC0zNDM2M2JjN2M0YzAiOnsiY3JlYXRlIjoxMjAwMDAwMDAwMDAwLCJkZWxldGUiOjEyMDAwMDAwMDAwMDAsInVwZGF0ZSI6MTIwMDAwMDAwMDAwMH19"},{"index_key":5,"schema_version":0,"attributes":{"access_mode":"","async_primary_disk":[],"creation_timestamp":"2024-08-18T09:43:24.042-07:00","description":"","disk_encryption_key":[],"disk_id":"5321796238997166660","effective_labels":{"environment":"dev"},"enable_confidential_compute":false,"guest_os_features":[],"id":"projects/finops-accelerator/zones/us-central1-a/disks/pd-us-c1a-5","image":"","label_fingerprint":"a6HI36FuYIQ=","labels":{"environment":"dev"},"last_attach_timestamp":"","last_detach_timestamp":"","licenses":[],"name":"pd-us-c1a-5","physical_block_size_bytes":4096,"project":"finops-accelerator","provisioned_iops":0,"provisioned_throughput":0,"self_link":"https://www.googleapis.com/compute/v1/projects/finops-accelerator/zones/us-central1-a/disks/pd-us-c1a-5","size":4,"snapshot":"","source_disk":"","source_disk_id":"","source_image_encryption_key":[],"source_image_id":"","source_snapshot_encryption_key":[],"source_snapshot_id":"","storage_pool":"","terraform_labels":{"environment":"dev"},"timeouts":null,"type":"pd-standard","users":[],"zone":"us-central1-a"},"sensitive_attributes":[],"private":"eyJlMmJmYjczMC1lY2FhLTExZTYtOGY4OC0zNDM2M2JjN2M0YzAiOnsiY3JlYXRlIjoxMjAwMDAwMDAwMDAwLCJkZWxldGUiOjEyMDAwMDAwMDAwMDAsInVwZGF0ZSI6MTIwMDAwMDAwMDAwMH19"},{"index_key":6,"schema_version":0,"attributes":{"access_mode":"","async_primary_disk":[],"creation_timestamp":"2024-08-18T09:43:28.629-07:00","description":"","disk_encryption_key":[],"disk_id":"5701769611967437407","effective_labels":{"environment":"dev"},"enable_confidential_compute":false,"guest_os_features":[],"id":"projects/finops-accelerator/zones/us-central1-a/disks/pd-us-c1a-6","image":"","label_fingerprint":"a6HI36FuYIQ=","labels":{"environment":"dev"},"last_attach_timestamp":"","last_detach_timestamp":"","licenses":[],"name":"pd-us-c1a-6","physical_block_size_bytes":4096,"project":"finops-accelerator","provisioned_iops":0,"provisioned_throughput":0,"self_link":"https://www.googleapis.com/compute/v1/projects/finops-accelerator/zones/us-central1-a/disks/pd-us-c1a-6","size":4,"snapshot":"","source_disk":"","source_disk_id":"","source_image_encryption_key":[],"source_image_id":"","source_snapshot_encryption_key":[],"source_snapshot_id":"","storage_pool":"","terraform_labels":{"environment":"dev"},"timeouts":null,"type":"pd-standard","users":[],"zone":"us-central1-a"},"sensitive_attributes":[],"private":"eyJlMmJmYjczMC1lY2FhLTExZTYtOGY4OC0zNDM2M2JjN2M0YzAiOnsiY3JlYXRlIjoxMjAwMDAwMDAwMDAwLCJkZWxldGUiOjEyMDAwMDAwMDAwMDAsInVwZGF0ZSI6MTIwMDAwMDAwMDAwMH19"},{"index_key":7,"schema_version":0,"attributes":{"access_mode":"","async_primary_disk":[],"creation_timestamp":"2024-08-18T09:43:28.815-07:00","description":"","disk_encryption_key":[],"disk_id":"1286149271509244511","effective_labels":{"environment":"dev"},"enable_confidential_compute":false,"guest_os_features":[],"id":"projects/finops-accelerator/zones/us-central1-a/disks/pd-us-c1a-7","image":"","label_fingerprint":"a6HI36FuYIQ=","labels":{"environment":"dev"},"last_attach_timestamp":"","last_detach_timestamp":"","licenses":[],"name":"pd-us-c1a-7","physical_block_size_bytes":4096,"project":"finops-accelerator","provisioned_iops":0,"provisioned_throughput":0,"self_link":"https://www.googleapis.com/compute/v1/projects/finops-accelerator/zones/us-central1-a/disks/pd-us-c1a-7","size":4,"snapshot":"","source_disk":"","source_disk_id":"","source_image_encryption_key":[],"source_image_id":"","source_snapshot_encryption_key":[],"source_snapshot_id":"","storage_pool":"","terraform_labels":{"environment":"dev"},"timeouts":null,"type":"pd-standard","users":[],"zone":"us-central1-a"},"sensitive_attributes":[],"private":"eyJlMmJmYjczMC1lY2FhLTExZTYtOGY4OC0zNDM2M2JjN2M0YzAiOnsiY3JlYXRlIjoxMjAwMDAwMDAwMDAwLCJkZWxldGUiOjEyMDAwMDAwMDAwMDAsInVwZGF0ZSI6MTIwMDAwMDAwMDAwMH19"},{"index_key":8,"schema_version":0,"attributes":{"access_mode":"","async_primary_disk":[],"creation_timestamp":"2024-08-18T09:43:24.025-07:00","description":"","disk_encryption_key":[],"disk_id":"8814056893521566276","effective_labels":{"environment":"dev"},"enable_confidential_compute":false,"guest_os_features":[],"id":"projects/finops-accelerator/zones/us-central1-a/disks/pd-us-c1a-8","image":"","label_fingerprint":"a6HI36FuYIQ=","labels":{"environment":"dev"},"last_attach_timestamp":"","last_detach_timestamp":"","licenses":[],"name":"pd-us-c1a-8","physical_block_size_bytes":4096,"project":"finops-accelerator","provisioned_iops":0,"provisioned_throughput":0,"self_link":"https://www.googleapis.com/compute/v1/projects/finops-accelerator/zones/us-central1-a/disks/pd-us-c1a-8","size":4,"snapshot":"","source_disk":"","source_disk_id":"","source_image_encryption_key":[],"source_image_id":"","source_snapshot_encryption_key":[],"source_snapshot_id":"","storage_pool":"","terraform_labels":{"environment":"dev"},"timeouts":null,"type":"pd-standard","users":[],"zone":"us-central1-a"},"sensitive_attributes":[],"private":"eyJlMmJmYjczMC1lY2FhLTExZTYtOGY4OC0zNDM2M2JjN2M0YzAiOnsiY3JlYXRlIjoxMjAwMDAwMDAwMDAwLCJkZWxldGUiOjEyMDAwMDAwMDAwMDAsInVwZGF0ZSI6MTIwMDAwMDAwMDAwMH19"},{"index_key":9,"schema_version":0,"attributes":{"access_mode":"","async_primary_disk":[],"creation_timestamp":"2024-08-18T09:43:24.120-07:00","description":"","disk_encryption_key":[],"disk_id":"7438261598825716292","effective_labels":{"environment":"dev"},"enable_confidential_compute":false,"guest_os_features":[],"id":"projects/finops-accelerator/zones/us-central1-a/disks/pd-us-c1a-9","image":"","label_fingerprint":"a6HI36FuYIQ=","labels":{"environment":"dev"},"last_attach_timestamp":"","last_detach_timestamp":"","licenses":[],"name":"pd-us-c1a-9","physical_block_size_bytes":4096,"project":"finops-accelerator","provisioned_iops":0,"provisioned_throughput":0,"self_link":"https://www.googleapis.com/compute/v1/projects/finops-accelerator/zones/us-central1-a/disks/pd-us-c1a-9","size":4,"snapshot":"","source_disk":"","source_disk_id":"","source_image_encryption_key":[],"source_image_id":"","source_snapshot_encryption_key":[],"source_snapshot_id":"","storage_pool":"","terraform_labels":{"environment":"dev"},"timeouts":null,"type":"pd-standard","users":[],"zone":"us-central1-a"},"sensitive_attributes":[],"private":"eyJlMmJmYjczMC1lY2FhLTExZTYtOGY4OC0zNDM2M2JjN2M0YzAiOnsiY3JlYXRlIjoxMjAwMDAwMDAwMDAwLCJkZWxldGUiOjEyMDAwMDAwMDAwMDAsInVwZGF0ZSI6MTIwMDAwMDAwMDAwMH19"}]},{"mode":"managed","type":"google_compute_disk","name":"us-c1b-disks","provider":"provider[\"registry.opentofu.org/hashicorp/google\"]","instances":[{"index_key":0,"schema_version":0,"attributes":{"access_mode":"","async_primary_disk":[],"creation_timestamp":"2024-08-18T09:43:27.926-07:00","description":"","disk_encryption_key":[],"disk_id":"5993014041548659264","effective_labels":{"environment":"dev"},"enable_confidential_compute":false,"guest_os_features":[],"id":"projects/finops-accelerator/zones/us-central1-b/disks/pd-us-c1b-0","image":"","label_fingerprint":"a6HI36FuYIQ=","labels":{"environment":"dev"},"last_attach_timestamp":"","last_detach_timestamp":"","licenses":[],"name":"pd-us-c1b-0","physical_block_size_bytes":4096,"project":"finops-accelerator","provisioned_iops":0,"provisioned_throughput":0,"self_link":"https://www.googleapis.com/compute/v1/projects/finops-accelerator/zones/us-central1-b/disks/pd-us-c1b-0","size":4,"snapshot":"","source_disk":"","source_disk_id":"","source_image_encryption_key":[],"source_image_id":"","source_snapshot_encryption_key":[],"source_snapshot_id":"","storage_pool":"","terraform_labels":{"environment":"dev"},"timeouts":null,"type":"pd-standard","users":[],"zone":"us-central1-b"},"sensitive_attributes":[],"private":"eyJlMmJmYjczMC1lY2FhLTExZTYtOGY4OC0zNDM2M2JjN2M0YzAiOnsiY3JlYXRlIjoxMjAwMDAwMDAwMDAwLCJkZWxldGUiOjEyMDAwMDAwMDAwMDAsInVwZGF0ZSI6MTIwMDAwMDAwMDAwMH19"},{"index_key":1,"schema_version":0,"attributes":{"access_mode":"","async_primary_disk":[],"creation_timestamp":"2024-08-18T09:43:28.550-07:00","description":"","disk_encryption_key":[],"disk_id":"4874810870719289951","effective_labels":{"environment":"dev"},"enable_confidential_compute":false,"guest_os_features":[],"id":"projects/finops-accelerator/zones/us-central1-b/disks/pd-us-c1b-1","image":"","label_fingerprint":"a6HI36FuYIQ=","labels":{"environment":"dev"},"last_attach_timestamp":"","last_detach_timestamp":"","licenses":[],"name":"pd-us-c1b-1","physical_block_size_bytes":4096,"project":"finops-accelerator","provisioned_iops":0,"provisioned_throughput":0,"self_link":"https://www.googleapis.com/compute/v1/projects/finops-accelerator/zones/us-central1-b/disks/pd-us-c1b-1","size":4,"snapshot":"","source_disk":"","source_disk_id":"","source_image_encryption_key":[],"source_image_id":"","source_snapshot_encryption_key":[],"source_snapshot_id":"","storage_pool":"","terraform_labels":{"environment":"dev"},"timeouts":null,"type":"pd-standard","users":[],"zone":"us-central1-b"},"sensitive_attributes":[],"private":"eyJlMmJmYjczMC1lY2FhLTExZTYtOGY4OC0zNDM2M2JjN2M0YzAiOnsiY3JlYXRlIjoxMjAwMDAwMDAwMDAwLCJkZWxldGUiOjEyMDAwMDAwMDAwMDAsInVwZGF0ZSI6MTIwMDAwMDAwMDAwMH19"},{"index_key":2,"schema_version":0,"attributes":{"access_mode":"","async_primary_disk":[],"creation_timestamp":"2024-08-18T09:43:27.638-07:00","description":"","disk_encryption_key":[],"disk_id":"889375803248187968","effective_labels":{"environment":"dev"},"enable_confidential_compute":false,"guest_os_features":[],"id":"projects/finops-accelerator/zones/us-central1-b/disks/pd-us-c1b-2","image":"","label_fingerprint":"a6HI36FuYIQ=","labels":{"environment":"dev"},"last_attach_timestamp":"","last_detach_timestamp":"","licenses":[],"name":"pd-us-c1b-2","physical_block_size_bytes":4096,"project":"finops-accelerator","provisioned_iops":0,"provisioned_throughput":0,"self_link":"https://www.googleapis.com/compute/v1/projects/finops-accelerator/zones/us-central1-b/disks/pd-us-c1b-2","size":4,"snapshot":"","source_disk":"","source_disk_id":"","source_image_encryption_key":[],"source_image_id":"","source_snapshot_encryption_key":[],"source_snapshot_id":"","storage_pool":"","terraform_labels":{"environment":"dev"},"timeouts":null,"type":"pd-standard","users":[],"zone":"us-central1-b"},"sensitive_attributes":[],"private":"eyJlMmJmYjczMC1lY2FhLTExZTYtOGY4OC0zNDM2M2JjN2M0YzAiOnsiY3JlYXRlIjoxMjAwMDAwMDAwMDAwLCJkZWxldGUiOjEyMDAwMDAwMDAwMDAsInVwZGF0ZSI6MTIwMDAwMDAwMDAwMH19"},{"index_key":3,"schema_version":0,"attributes":{"access_mode":"","async_primary_disk":[],"creation_timestamp":"2024-08-18T09:43:24.053-07:00","description":"","disk_encryption_key":[],"disk_id":"8084914821259041348","effective_labels":{"environment":"dev"},"enable_confidential_compute":false,"guest_os_features":[],"id":"projects/finops-accelerator/zones/us-central1-b/disks/pd-us-c1b-3","image":"","label_fingerprint":"a6HI36FuYIQ=","labels":{"environment":"dev"},"last_attach_timestamp":"","last_detach_timestamp":"","licenses":[],"name":"pd-us-c1b-3","physical_block_size_bytes":4096,"project":"finops-accelerator","provisioned_iops":0,"provisioned_throughput":0,"self_link":"https://www.googleapis.com/compute/v1/projects/finops-accelerator/zones/us-central1-b/disks/pd-us-c1b-3","size":4,"snapshot":"","source_disk":"","source_disk_id":"","source_image_encryption_key":[],"source_image_id":"","source_snapshot_encryption_key":[],"source_snapshot_id":"","storage_pool":"","terraform_labels":{"environment":"dev"},"timeouts":null,"type":"pd-standard","users":[],"zone":"us-central1-b"},"sensitive_attributes":[],"private":"eyJlMmJmYjczMC1lY2FhLTExZTYtOGY4OC0zNDM2M2JjN2M0YzAiOnsiY3JlYXRlIjoxMjAwMDAwMDAwMDAwLCJkZWxldGUiOjEyMDAwMDAwMDAwMDAsInVwZGF0ZSI6MTIwMDAwMDAwMDAwMH19"},{"index_key":4,"schema_version":0,"attributes":{"access_mode":"","async_primary_disk":[],"creation_timestamp":"2024-08-18T09:43:24.006-07:00","description":"","disk_encryption_key":[],"disk_id":"4177266791249058372","effective_labels":{"environment":"dev"},"enable_confidential_compute":false,"guest_os_features":[],"id":"projects/finops-accelerator/zones/us-central1-b/disks/pd-us-c1b-4","image":"","label_fingerprint":"a6HI36FuYIQ=","labels":{"environment":"dev"},"last_attach_timestamp":"","last_detach_timestamp":"","licenses":[],"name":"pd-us-c1b-4","physical_block_size_bytes":4096,"project":"finops-accelerator","provisioned_iops":0,"provisioned_throughput":0,"self_link":"https://www.googleapis.com/compute/v1/projects/finops-accelerator/zones/us-central1-b/disks/pd-us-c1b-4","size":4,"snapshot":"","source_disk":"","source_disk_id":"","source_image_encryption_key":[],"source_image_id":"","source_snapshot_encryption_key":[],"source_snapshot_id":"","storage_pool":"","terraform_labels":{"environment":"dev"},"timeouts":null,"type":"pd-standard","users":[],"zone":"us-central1-b"},"sensitive_attributes":[],"private":"eyJlMmJmYjczMC1lY2FhLTExZTYtOGY4OC0zNDM2M2JjN2M0YzAiOnsiY3JlYXRlIjoxMjAwMDAwMDAwMDAwLCJkZWxldGUiOjEyMDAwMDAwMDAwMDAsInVwZGF0ZSI6MTIwMDAwMDAwMDAwMH19"},{"index_key":5,"schema_version":0,"attributes":{"access_mode":"","async_primary_disk":[],"creation_timestamp":"2024-08-18T09:43:24.217-07:00","description":"","disk_encryption_key":[],"disk_id":"4439822741963512387","effective_labels":{"environment":"dev"},"enable_confidential_compute":false,"guest_os_features":[],"id":"projects/finops-accelerator/zones/us-central1-b/disks/pd-us-c1b-5","image":"","label_fingerprint":"a6HI36FuYIQ=","labels":{"environment":"dev"},"last_attach_timestamp":"","last_detach_timestamp":"","licenses":[],"name":"pd-us-c1b-5","physical_block_size_bytes":4096,"project":"finops-accelerator","provisioned_iops":0,"provisioned_throughput":0,"self_link":"https://www.googleapis.com/compute/v1/projects/finops-accelerator/zones/us-central1-b/disks/pd-us-c1b-5","size":4,"snapshot":"","source_disk":"","source_disk_id":"","source_image_encryption_key":[],"source_image_id":"","source_snapshot_encryption_key":[],"source_snapshot_id":"","storage_pool":"","terraform_labels":{"environment":"dev"},"timeouts":null,"type":"pd-standard","users":[],"zone":"us-central1-b"},"sensitive_attributes":[],"private":"eyJlMmJmYjczMC1lY2FhLTExZTYtOGY4OC0zNDM2M2JjN2M0YzAiOnsiY3JlYXRlIjoxMjAwMDAwMDAwMDAwLCJkZWxldGUiOjEyMDAwMDAwMDAwMDAsInVwZGF0ZSI6MTIwMDAwMDAwMDAwMH19"},{"index_key":6,"schema_version":0,"attributes":{"access_mode":"","async_primary_disk":[],"creation_timestamp":"2024-08-18T09:43:28.568-07:00","description":"","disk_encryption_key":[],"disk_id":"4120809209919937119","effective_labels":{"environment":"dev"},"enable_confidential_compute":false,"guest_os_features":[],"id":"projects/finops-accelerator/zones/us-central1-b/disks/pd-us-c1b-6","image":"","label_fingerprint":"a6HI36FuYIQ=","labels":{"environment":"dev"},"last_attach_timestamp":"","last_detach_timestamp":"","licenses":[],"name":"pd-us-c1b-6","physical_block_size_bytes":4096,"project":"finops-accelerator","provisioned_iops":0,"provisioned_throughput":0,"self_link":"https://www.googleapis.com/compute/v1/projects/finops-accelerator/zones/us-central1-b/disks/pd-us-c1b-6","size":4,"snapshot":"","source_disk":"","source_disk_id":"","source_image_encryption_key":[],"source_image_id":"","source_snapshot_encryption_key":[],"source_snapshot_id":"","storage_pool":"","terraform_labels":{"environment":"dev"},"timeouts":null,"type":"pd-standard","users":[],"zone":"us-central1-b"},"sensitive_attributes":[],"private":"eyJlMmJmYjczMC1lY2FhLTExZTYtOGY4OC0zNDM2M2JjN2M0YzAiOnsiY3JlYXRlIjoxMjAwMDAwMDAwMDAwLCJkZWxldGUiOjEyMDAwMDAwMDAwMDAsInVwZGF0ZSI6MTIwMDAwMDAwMDAwMH19"},{"index_key":7,"schema_version":0,"attributes":{"access_mode":"","async_primary_disk":[],"creation_timestamp":"2024-08-18T09:43:24.199-07:00","description":"","disk_encryption_key":[],"disk_id":"475960204298525251","effective_labels":{"environment":"dev"},"enable_confidential_compute":false,"guest_os_features":[],"id":"projects/finops-accelerator/zones/us-central1-b/disks/pd-us-c1b-7","image":"","label_fingerprint":"a6HI36FuYIQ=","labels":{"environment":"dev"},"last_attach_timestamp":"","last_detach_timestamp":"","licenses":[],"name":"pd-us-c1b-7","physical_block_size_bytes":4096,"project":"finops-accelerator","provisioned_iops":0,"provisioned_throughput":0,"self_link":"https://www.googleapis.com/compute/v1/projects/finops-accelerator/zones/us-central1-b/disks/pd-us-c1b-7","size":4,"snapshot":"","source_disk":"","source_disk_id":"","source_image_encryption_key":[],"source_image_id":"","source_snapshot_encryption_key":[],"source_snapshot_id":"","storage_pool":"","terraform_labels":{"environment":"dev"},"timeouts":null,"type":"pd-standard","users":[],"zone":"us-central1-b"},"sensitive_attributes":[],"private":"eyJlMmJmYjczMC1lY2FhLTExZTYtOGY4OC0zNDM2M2JjN2M0YzAiOnsiY3JlYXRlIjoxMjAwMDAwMDAwMDAwLCJkZWxldGUiOjEyMDAwMDAwMDAwMDAsInVwZGF0ZSI6MTIwMDAwMDAwMDAwMH19"},{"index_key":8,"schema_version":0,"attributes":{"access_mode":"","async_primary_disk":[],"creation_timestamp":"2024-08-18T09:43:28.568-07:00","description":"","disk_encryption_key":[],"disk_id":"8316856249382574687","effective_labels":{"environment":"dev"},"enable_confidential_compute":false,"guest_os_features":[],"id":"projects/finops-accelerator/zones/us-central1-b/disks/pd-us-c1b-8","image":"","label_fingerprint":"a6HI36FuYIQ=","labels":{"environment":"dev"},"last_attach_timestamp":"","last_detach_timestamp":"","licenses":[],"name":"pd-us-c1b-8","physical_block_size_bytes":4096,"project":"finops-accelerator","provisioned_iops":0,"provisioned_throughput":0,"self_link":"https://www.googleapis.com/compute/v1/projects/finops-accelerator/zones/us-central1-b/disks/pd-us-c1b-8","size":4,"snapshot":"","source_disk":"","source_disk_id":"","source_image_encryption_key":[],"source_image_id":"","source_snapshot_encryption_key":[],"source_snapshot_id":"","storage_pool":"","terraform_labels":{"environment":"dev"},"timeouts":null,"type":"pd-standard","users":[],"zone":"us-central1-b"},"sensitive_attributes":[],"private":"eyJlMmJmYjczMC1lY2FhLTExZTYtOGY4OC0zNDM2M2JjN2M0YzAiOnsiY3JlYXRlIjoxMjAwMDAwMDAwMDAwLCJkZWxldGUiOjEyMDAwMDAwMDAwMDAsInVwZGF0ZSI6MTIwMDAwMDAwMDAwMH19"},{"index_key":9,"schema_version":0,"attributes":{"access_mode":"","async_primary_disk":[],"creation_timestamp":"2024-08-18T09:43:28.628-07:00","description":"","disk_encryption_key":[],"disk_id":"4662744614211394143","effective_labels":{"environment":"dev"},"enable_confidential_compute":false,"guest_os_features":[],"id":"projects/finops-accelerator/zones/us-central1-b/disks/pd-us-c1b-9","image":"","label_fingerprint":"a6HI36FuYIQ=","labels":{"environment":"dev"},"last_attach_timestamp":"","last_detach_timestamp":"","licenses":[],"name":"pd-us-c1b-9","physical_block_size_bytes":4096,"project":"finops-accelerator","provisioned_iops":0,"provisioned_throughput":0,"self_link":"https://www.googleapis.com/compute/v1/projects/finops-accelerator/zones/us-central1-b/disks/pd-us-c1b-9","size":4,"snapshot":"","source_disk":"","source_disk_id":"","source_image_encryption_key":[],"source_image_id":"","source_snapshot_encryption_key":[],"source_snapshot_id":"","storage_pool":"","terraform_labels":{"environment":"dev"},"timeouts":null,"type":"pd-standard","users":[],"zone":"us-central1-b"},"sensitive_attributes":[],"private":"eyJlMmJmYjczMC1lY2FhLTExZTYtOGY4OC0zNDM2M2JjN2M0YzAiOnsiY3JlYXRlIjoxMjAwMDAwMDAwMDAwLCJkZWxldGUiOjEyMDAwMDAwMDAwMDAsInVwZGF0ZSI6MTIwMDAwMDAwMDAwMH19"}]}],"check_results":null}
